{
  "version": "5",
  "specifiers": {
    "npm:@macroforge/shared@~0.1.73": "0.1.73_typescript@5.9.3",
    "npm:@types/node@22": "22.19.11",
    "npm:macroforge@~0.1.73": "0.1.73"
  },
  "npm": {
    "@macroforge/bin-darwin-arm64@0.1.73": {
      "integrity": "sha512-UVGyoccPQ/pcqQkx7ED3Rh9uHb+drDvSHDntD4UVrnyMEKGJb7tGw+fqwQqBTWxBlk8PpGA1he/+VpTqf2HtBQ==",
      "os": ["darwin"],
      "cpu": ["arm64"]
    },
    "@macroforge/bin-darwin-x64@0.1.73": {
      "integrity": "sha512-h39/Rp+kY7kjxX0wuZ95x33jsgroafPEPuiMgUcmw5iLpTOKmu1MnN4uV7WqAJaKO2cuhBEVqBY3RCMViuffrQ==",
      "os": ["darwin"],
      "cpu": ["x64"]
    },
    "@macroforge/bin-linux-arm64-gnu@0.1.73": {
      "integrity": "sha512-8UIOj/YGgaPAqNe6k7rnCu/hexRd5Iv2UAcIoFecaZdc9GFQFSoUaZ8ZIxJzXD5sK4ePCcS8s1sQi0vGPxb8ow==",
      "os": ["linux"],
      "cpu": ["arm64"]
    },
    "@macroforge/bin-linux-x64-gnu@0.1.73": {
      "integrity": "sha512-uxEqb02yy89RLW9L2mMeh7qohRVemPu631TA24flqMadBjU/Yfr4HP3eQqjBpcn4KDnMPEJvL4aEKUZU9sc4OQ==",
      "os": ["linux"],
      "cpu": ["x64"]
    },
    "@macroforge/bin-win32-arm64-msvc@0.1.73": {
      "integrity": "sha512-pKOFEtNtsiTrlMEemoFJ6ZZ4T6I0fvA/8W+CQmjby8iE8aQZzn/z6Li+GNp21Gp3Alt1pn0A4oymzKRDRvL9WA==",
      "os": ["win32"],
      "cpu": ["arm64"]
    },
    "@macroforge/bin-win32-x64-msvc@0.1.73": {
      "integrity": "sha512-uMDe/dx27wwjbg2Jq3I7vltPj7uByw7jOdCVNuJ+qaPLDkowQIyQijf/Bz0N56JseaIbAEW9Sso/IUoPg+Gkug==",
      "os": ["win32"],
      "cpu": ["x64"]
    },
    "@macroforge/shared@0.1.73_typescript@5.9.3": {
      "integrity": "sha512-cUNzoJSl9x28oOFgTAYDL9i2ay7koxZzYRRxOkMqFJE4PhMtmB7B+tt+2hkPyI2ztGfXx+96KMZvWE30exZhbA==",
      "dependencies": [
        "macroforge",
        "typescript"
      ]
    },
    "@types/node@22.19.11": {
      "integrity": "sha512-BH7YwL6rA93ReqeQS1c4bsPpcfOmJasG+Fkr6Y59q83f9M1WcBRHR2vM+P9eOisYRcN3ujQoiZY8uk5W+1WL8w==",
      "dependencies": [
        "undici-types"
      ]
    },
    "macroforge@0.1.73": {
      "integrity": "sha512-qpY/UuPFdxILxs43kJrQEvn6mEByRX2IJEejWN9bgTNjkQfOrtHVXM4e7qt4iw3JaIyzTVpS7pS7t4/Z91NErg==",
      "optionalDependencies": [
        "@macroforge/bin-darwin-arm64",
        "@macroforge/bin-darwin-x64",
        "@macroforge/bin-linux-arm64-gnu",
        "@macroforge/bin-linux-x64-gnu",
        "@macroforge/bin-win32-arm64-msvc",
        "@macroforge/bin-win32-x64-msvc"
      ]
    },
    "typescript@5.9.3": {
      "integrity": "sha512-jl1vZzPDinLr9eUt3J/t7V6FgNEw9QjvBPdysz9KfQDD41fQrC2Y4vKQdiaUpFT4bXlb1RHhLpp8wtm6M5TgSw==",
      "bin": true
    },
    "undici-types@6.21.0": {
      "integrity": "sha512-iwDZqg0QAGrg9Rav5H4n0M64c3mkR59cJ6wQp+7C4nI0gsmExaedaYLNO44eT4AtBBwjbTiGPMlt2Md0T9H9JQ=="
    }
  },
  "workspace": {
    "packageJson": {
      "dependencies": [
        "npm:@macroforge/shared@~0.1.73",
        "npm:@types/node@22",
        "npm:macroforge@~0.1.73"
      ]
    }
  }
}
