{
  "version": "5",
  "specifiers": {
    "npm:@macroforge/shared@~0.1.66": "0.1.66_typescript@5.9.3",
    "npm:@types/node@22": "22.19.3",
    "npm:macroforge@~0.1.66": "0.1.66"
  },
  "npm": {
    "@macroforge/bin-darwin-arm64@0.1.66": {
      "integrity": "sha512-IbAo0B+dY7ByZj0J5//yFBGjB/fRoqE0rJ8P2+NqJ4597GIMRjgJlnQfXwMTWYvHgujX7NMevo7WAegH/RHFJQ==",
      "os": ["darwin"],
      "cpu": ["arm64"]
    },
    "@macroforge/bin-darwin-x64@0.1.66": {
      "integrity": "sha512-H6lr+vcUi2GhRYhUKJcTU0nqDlVvxNWPElD6v+e2WckzUWVmLuj+sM/fWYyvmv1o2kS9fjvckYeGG1MbvPznLw==",
      "os": ["darwin"],
      "cpu": ["x64"]
    },
    "@macroforge/bin-linux-arm64-gnu@0.1.66": {
      "integrity": "sha512-BkAynZMnschk+A+Lh53O6JsAXqGwNzeEe7NhTFh3LhJQgLSX9nBnNToL+dSKpU6ol2/tg7QmzLXl6BMtDUFIlA==",
      "os": ["linux"],
      "cpu": ["arm64"]
    },
    "@macroforge/bin-linux-x64-gnu@0.1.66": {
      "integrity": "sha512-0K/v2DsZ4ZynNhosPZ17ZXMKXVNlbQgocbn5dqEq/KR7AzWmV0+VhHtdI8ImJN/sODoN7ygs5hxJcXqRtYb5oA==",
      "os": ["linux"],
      "cpu": ["x64"]
    },
    "@macroforge/bin-win32-arm64-msvc@0.1.66": {
      "integrity": "sha512-tTEJLLsh4btWOc70C0vEDc0Rug0zANxBkdV0k4nvw6tD3Rxxdu4BLNEJxpejAnRbBzlDu2CrwtzQ9I2BV6brwQ==",
      "os": ["win32"],
      "cpu": ["arm64"]
    },
    "@macroforge/bin-win32-x64-msvc@0.1.66": {
      "integrity": "sha512-kuP36KOCKqUE8BPMEpxW+zxxyM8lmdDkaZvnqYStGub88ZPyUaPQcP/oe6utsa+tMo5Pld+SacIyb4SG0PR69A==",
      "os": ["win32"],
      "cpu": ["x64"]
    },
    "@macroforge/shared@0.1.66_typescript@5.9.3": {
      "integrity": "sha512-orOPcM9Ie5neBlsrVQzH1ZbAEEoXhXyQFnnXeENXHouesr+HW33kv8uTop1RTgUReBh8tlEoF8mML7l+h7oGgQ==",
      "dependencies": [
        "macroforge",
        "typescript"
      ]
    },
    "@types/node@22.19.3": {
      "integrity": "sha512-1N9SBnWYOJTrNZCdh/yJE+t910Y128BoyY+zBLWhL3r0TYzlTmFdXrPwHL9DyFZmlEXNQQolTZh3KHV31QDhyA==",
      "dependencies": [
        "undici-types"
      ]
    },
    "macroforge@0.1.66": {
      "integrity": "sha512-S9YIAl6Z5Z8ySP3XbcVqH5G3sJ92LyYfXCkAwRKTce+hp1sX/sVDmIcfd9X3S9WVTjxG1P1U3JcSClLSrUq/MA==",
      "optionalDependencies": [
        "@macroforge/bin-darwin-arm64",
        "@macroforge/bin-darwin-x64",
        "@macroforge/bin-linux-arm64-gnu",
        "@macroforge/bin-linux-x64-gnu",
        "@macroforge/bin-win32-arm64-msvc",
        "@macroforge/bin-win32-x64-msvc"
      ]
    },
    "typescript@5.9.3": {
      "integrity": "sha512-jl1vZzPDinLr9eUt3J/t7V6FgNEw9QjvBPdysz9KfQDD41fQrC2Y4vKQdiaUpFT4bXlb1RHhLpp8wtm6M5TgSw==",
      "bin": true
    },
    "undici-types@6.21.0": {
      "integrity": "sha512-iwDZqg0QAGrg9Rav5H4n0M64c3mkR59cJ6wQp+7C4nI0gsmExaedaYLNO44eT4AtBBwjbTiGPMlt2Md0T9H9JQ=="
    }
  },
  "workspace": {
    "packageJson": {
      "dependencies": [
        "npm:@macroforge/shared@~0.1.66",
        "npm:@types/node@22",
        "npm:macroforge@~0.1.66"
      ]
    }
  }
}
