{
  "version": "5",
  "specifiers": {
    "npm:@macroforge/shared@~0.1.72": "0.1.72_typescript@5.9.3",
    "npm:@types/node@22": "22.19.3",
    "npm:macroforge@~0.1.72": "0.1.72"
  },
  "npm": {
    "@macroforge/bin-darwin-arm64@0.1.72": {
      "integrity": "sha512-hQOV2iT3qNnEJ36vEpdJ0YP6c97xI4KxrzCFquW+qLfdsr2psZbkFzYYAAjomtKpUFaI3UIVYedHPDmY6ewsZw==",
      "os": ["darwin"],
      "cpu": ["arm64"]
    },
    "@macroforge/bin-darwin-x64@0.1.72": {
      "integrity": "sha512-kMNYXBF342D7fpP4vlIZB+LMqxMNOjLuK0+izJWKSNjCAUY31ZqE+kZcbMJ5YwZ2KnhcYIWAn97kUR8y8vmp1A==",
      "os": ["darwin"],
      "cpu": ["x64"]
    },
    "@macroforge/bin-linux-arm64-gnu@0.1.72": {
      "integrity": "sha512-GgVaPTndyT9aeGar2fjRAmK8PcODT6R4OMszH2qc03vdf8610wzNhLCgyj/MB63di+HTSFUR3UmNzjz8esXS2Q==",
      "os": ["linux"],
      "cpu": ["arm64"]
    },
    "@macroforge/bin-linux-x64-gnu@0.1.72": {
      "integrity": "sha512-CrIk2/myBxHXNK/ztH3S5xBmIe8+RO9pJIQuya2PKcPt15JNWxINfYDKi15lbe4CWEn020ggnW1RLZ8rvHC61w==",
      "os": ["linux"],
      "cpu": ["x64"]
    },
    "@macroforge/bin-win32-arm64-msvc@0.1.72": {
      "integrity": "sha512-IEjMHdKgodtnRULd8+f7s80LR2UaHd1gFHoGwbtc7zKH9Xiy47nCwsVNN9n5qzMDjmx4dXnKnBFbBGLVCWBumw==",
      "os": ["win32"],
      "cpu": ["arm64"]
    },
    "@macroforge/bin-win32-x64-msvc@0.1.72": {
      "integrity": "sha512-CYSkBgDBIdS5TsOnaBpjgvvuVAkQp4nr4rYdVdgEA9n5feX8tLt4rz4Ya8KLRWcadFmCKcoKrCTXtim9ws8e3w==",
      "os": ["win32"],
      "cpu": ["x64"]
    },
    "@macroforge/shared@0.1.72_typescript@5.9.3": {
      "integrity": "sha512-ullFxGkkchKlA4mpDlQNM5Vdb/p1GztNysW3KuvRxiDyLIQVcM7kK8okgW9A24ScM9+RRKSUBc1HvZMHV84l5A==",
      "dependencies": [
        "macroforge",
        "typescript"
      ]
    },
    "@types/node@22.19.3": {
      "integrity": "sha512-1N9SBnWYOJTrNZCdh/yJE+t910Y128BoyY+zBLWhL3r0TYzlTmFdXrPwHL9DyFZmlEXNQQolTZh3KHV31QDhyA==",
      "dependencies": [
        "undici-types"
      ]
    },
    "macroforge@0.1.72": {
      "integrity": "sha512-zFWOyNG1X9aqi3re0BNd9nnQeW3vjg9YyXYfWCs/tiy1UmL83lZWxNU06ptw7izr8F/m5kzJ7CZtlIUHozfbQw==",
      "optionalDependencies": [
        "@macroforge/bin-darwin-arm64",
        "@macroforge/bin-darwin-x64",
        "@macroforge/bin-linux-arm64-gnu",
        "@macroforge/bin-linux-x64-gnu",
        "@macroforge/bin-win32-arm64-msvc",
        "@macroforge/bin-win32-x64-msvc"
      ]
    },
    "typescript@5.9.3": {
      "integrity": "sha512-jl1vZzPDinLr9eUt3J/t7V6FgNEw9QjvBPdysz9KfQDD41fQrC2Y4vKQdiaUpFT4bXlb1RHhLpp8wtm6M5TgSw==",
      "bin": true
    },
    "undici-types@6.21.0": {
      "integrity": "sha512-iwDZqg0QAGrg9Rav5H4n0M64c3mkR59cJ6wQp+7C4nI0gsmExaedaYLNO44eT4AtBBwjbTiGPMlt2Md0T9H9JQ=="
    }
  },
  "workspace": {
    "packageJson": {
      "dependencies": [
        "npm:@macroforge/shared@~0.1.72",
        "npm:@types/node@22",
        "npm:macroforge@~0.1.72"
      ]
    }
  }
}
